
Microsoft Visual Studio Solution File, Format Version 12.00
# Visual Studio Version 17
VisualStudioVersion = 17.0.31903.59
MinimumVisualStudioVersion = 10.0.40219.1
Project("{FAE04EC0-301F-11D3-BF4B-00C04F79EFBC}") = "CodeGrade", "CodeGrade\CodeGrade.csproj", "{36994BC2-50A0-45BB-A7F4-E8BF4FD215B1}"
EndProject
Global
	GlobalSection(SolutionConfigurationPlatforms) = preSolution
		Debug|Any CPU = Debug|Any CPU
		Release|Any CPU = Release|Any CPU
	EndGlobalSection
	GlobalSection(SolutionProperties) = preSolution
		HideSolutionNode = FALSE
	EndGlobalSection
	GlobalSection(ProjectConfigurationPlatforms) = postSolution
		{36994BC2-50A0-45BB-A7F4-E8BF4FD215B1}.Debug|Any CPU.ActiveCfg = Debug|Any CPU
		{36994BC2-50A0-45BB-A7F4-E8BF4FD215B1}.Debug|Any CPU.Build.0 = Debug|Any CPU
		{36994BC2-50A0-45BB-A7F4-E8BF4FD215B1}.Release|Any CPU.ActiveCfg = Release|Any CPU
		{36994BC2-50A0-45BB-A7F4-E8BF4FD215B1}.Release|Any CPU.Build.0 = Release|Any CPU
	EndGlobalSection
EndGlobal
